// !$*UTF8*$!
{
	archiveVersion = 1;
	classes = {
	};
	objectVersion = 56;
	objects = {

/* Begin PBXBuildFile section */
		603384DC2A15480700C6FB03 /* EpisodeController.swift in Sources */ = {isa = PBXBuildFile; fileRef = 603384DB2A15480700C6FB03 /* EpisodeController.swift */; };
		603384DF2A15499F00C6FB03 /* EpisodeCell.swift in Sources */ = {isa = PBXBuildFile; fileRef = 603384DE2A15499F00C6FB03 /* EpisodeCell.swift */; };
		603384E32A154C5B00C6FB03 /* EpisodeService.swift in Sources */ = {isa = PBXBuildFile; fileRef = 603384E22A154C5A00C6FB03 /* EpisodeService.swift */; };
		603384E62A15506900C6FB03 /* Episode.swift in Sources */ = {isa = PBXBuildFile; fileRef = 603384E52A15506900C6FB03 /* Episode.swift */; };
		603384EA2A1551CC00C6FB03 /* EpisodeViewModel.swift in Sources */ = {isa = PBXBuildFile; fileRef = 603384E92A1551CC00C6FB03 /* EpisodeViewModel.swift */; };
		604B76B12A13F8EC00E141CD /* AppDelegate.swift in Sources */ = {isa = PBXBuildFile; fileRef = 604B76B02A13F8EC00E141CD /* AppDelegate.swift */; };
		604B76B32A13F8EC00E141CD /* SceneDelegate.swift in Sources */ = {isa = PBXBuildFile; fileRef = 604B76B22A13F8EC00E141CD /* SceneDelegate.swift */; };
		604B76BA2A13F8ED00E141CD /* Assets.xcassets in Resources */ = {isa = PBXBuildFile; fileRef = 604B76B92A13F8ED00E141CD /* Assets.xcassets */; };
		604B76BD2A13F8ED00E141CD /* LaunchScreen.storyboard in Resources */ = {isa = PBXBuildFile; fileRef = 604B76BB2A13F8ED00E141CD /* LaunchScreen.storyboard */; };
		604B76C92A13FA2700E141CD /* MainTabController.swift in Sources */ = {isa = PBXBuildFile; fileRef = 604B76C82A13FA2700E141CD /* MainTabController.swift */; };
		604B76CC2A13FA7600E141CD /* FavoriteController.swift in Sources */ = {isa = PBXBuildFile; fileRef = 604B76CB2A13FA7600E141CD /* FavoriteController.swift */; };
		604B76CF2A13FA9600E141CD /* SearchController.swift in Sources */ = {isa = PBXBuildFile; fileRef = 604B76CE2A13FA9600E141CD /* SearchController.swift */; };
		604B76D22A13FD2F00E141CD /* DownloadsController.swift in Sources */ = {isa = PBXBuildFile; fileRef = 604B76D12A13FD2F00E141CD /* DownloadsController.swift */; };
		604B76D52A1404BB00E141CD /* SearchCell.swift in Sources */ = {isa = PBXBuildFile; fileRef = 604B76D42A1404BB00E141CD /* SearchCell.swift */; };
		604B76D82A14140800E141CD /* Podcast.swift in Sources */ = {isa = PBXBuildFile; fileRef = 604B76D72A14140800E141CD /* Podcast.swift */; };
		604B76DB2A14152100E141CD /* SearchService.swift in Sources */ = {isa = PBXBuildFile; fileRef = 604B76DA2A14152100E141CD /* SearchService.swift */; };
		604B76DE2A14157F00E141CD /* Constant.swift in Sources */ = {isa = PBXBuildFile; fileRef = 604B76DD2A14157F00E141CD /* Constant.swift */; };
		607F16092A16700000DA49A9 /* PlayerController.swift in Sources */ = {isa = PBXBuildFile; fileRef = 607F16082A16700000DA49A9 /* PlayerController.swift */; };
		607F160C2A167AF200DA49A9 /* Time+Extensions.swift in Sources */ = {isa = PBXBuildFile; fileRef = 607F160B2A167AF200DA49A9 /* Time+Extensions.swift */; };
		60AC75F52A141DA500F6C68D /* SearchViewModel.swift in Sources */ = {isa = PBXBuildFile; fileRef = 60AC75F42A141DA400F6C68D /* SearchViewModel.swift */; };
		60E1CE672A16D947009DDB98 /* FavoriteCell.swift in Sources */ = {isa = PBXBuildFile; fileRef = 60E1CE662A16D947009DDB98 /* FavoriteCell.swift */; };
		D11832254E952F4E80DB4D57 /* Pods_Podcast.framework in Frameworks */ = {isa = PBXBuildFile; fileRef = E33D0A823A6448E0D92A5651 /* Pods_Podcast.framework */; };
/* End PBXBuildFile section */

/* Begin PBXFileReference section */
		1046D595441BF367037ACD74 /* Pods-Podcast.debug.xcconfig */ = {isa = PBXFileReference; includeInIndex = 1; lastKnownFileType = text.xcconfig; name = "Pods-Podcast.debug.xcconfig"; path = "Target Support Files/Pods-Podcast/Pods-Podcast.debug.xcconfig"; sourceTree = "<group>"; };
		603384DB2A15480700C6FB03 /* EpisodeController.swift */ = {isa = PBXFileReference; lastKnownFileType = sourcecode.swift; path = EpisodeController.swift; sourceTree = "<group>"; };
		603384DE2A15499F00C6FB03 /* EpisodeCell.swift */ = {isa = PBXFileReference; lastKnownFileType = sourcecode.swift; path = EpisodeCell.swift; sourceTree = "<group>"; };
		603384E22A154C5A00C6FB03 /* EpisodeService.swift */ = {isa = PBXFileReference; lastKnownFileType = sourcecode.swift; path = EpisodeService.swift; sourceTree = "<group>"; };
		603384E52A15506900C6FB03 /* Episode.swift */ = {isa = PBXFileReference; lastKnownFileType = sourcecode.swift; path = Episode.swift; sourceTree = "<group>"; };
		603384E92A1551CC00C6FB03 /* EpisodeViewModel.swift */ = {isa = PBXFileReference; lastKnownFileType = sourcecode.swift; path = EpisodeViewModel.swift; sourceTree = "<group>"; };
		604B76AD2A13F8EC00E141CD /* Podcast.app */ = {isa = PBXFileReference; explicitFileType = wrapper.application; includeInIndex = 0; path = Podcast.app; sourceTree = BUILT_PRODUCTS_DIR; };
		604B76B02A13F8EC00E141CD /* AppDelegate.swift */ = {isa = PBXFileReference; lastKnownFileType = sourcecode.swift; path = AppDelegate.swift; sourceTree = "<group>"; };
		604B76B22A13F8EC00E141CD /* SceneDelegate.swift */ = {isa = PBXFileReference; lastKnownFileType = sourcecode.swift; path = SceneDelegate.swift; sourceTree = "<group>"; };
		604B76B92A13F8ED00E141CD /* Assets.xcassets */ = {isa = PBXFileReference; lastKnownFileType = folder.assetcatalog; path = Assets.xcassets; sourceTree = "<group>"; };
		604B76BC2A13F8ED00E141CD /* Base */ = {isa = PBXFileReference; lastKnownFileType = file.storyboard; name = Base; path = Base.lproj/LaunchScreen.storyboard; sourceTree = "<group>"; };
		604B76BE2A13F8ED00E141CD /* Info.plist */ = {isa = PBXFileReference; lastKnownFileType = text.plist.xml; path = Info.plist; sourceTree = "<group>"; };
		604B76C82A13FA2700E141CD /* MainTabController.swift */ = {isa = PBXFileReference; lastKnownFileType = sourcecode.swift; path = MainTabController.swift; sourceTree = "<group>"; };
		604B76CB2A13FA7600E141CD /* FavoriteController.swift */ = {isa = PBXFileReference; lastKnownFileType = sourcecode.swift; path = FavoriteController.swift; sourceTree = "<group>"; };
		604B76CE2A13FA9600E141CD /* SearchController.swift */ = {isa = PBXFileReference; lastKnownFileType = sourcecode.swift; path = SearchController.swift; sourceTree = "<group>"; };
		604B76D12A13FD2F00E141CD /* DownloadsController.swift */ = {isa = PBXFileReference; lastKnownFileType = sourcecode.swift; path = DownloadsController.swift; sourceTree = "<group>"; };
		604B76D42A1404BB00E141CD /* SearchCell.swift */ = {isa = PBXFileReference; lastKnownFileType = sourcecode.swift; path = SearchCell.swift; sourceTree = "<group>"; };
		604B76D72A14140800E141CD /* Podcast.swift */ = {isa = PBXFileReference; lastKnownFileType = sourcecode.swift; path = Podcast.swift; sourceTree = "<group>"; };
		604B76DA2A14152100E141CD /* SearchService.swift */ = {isa = PBXFileReference; lastKnownFileType = sourcecode.swift; path = SearchService.swift; sourceTree = "<group>"; };
		604B76DD2A14157F00E141CD /* Constant.swift */ = {isa = PBXFileReference; lastKnownFileType = sourcecode.swift; path = Constant.swift; sourceTree = "<group>"; };
		607F16082A16700000DA49A9 /* PlayerController.swift */ = {isa = PBXFileReference; lastKnownFileType = sourcecode.swift; path = PlayerController.swift; sourceTree = "<group>"; };
		607F160B2A167AF200DA49A9 /* Time+Extensions.swift */ = {isa = PBXFileReference; lastKnownFileType = sourcecode.swift; path = "Time+Extensions.swift"; sourceTree = "<group>"; };
		60AC75F42A141DA400F6C68D /* SearchViewModel.swift */ = {isa = PBXFileReference; lastKnownFileType = sourcecode.swift; path = SearchViewModel.swift; sourceTree = "<group>"; };
		60E1CE662A16D947009DDB98 /* FavoriteCell.swift */ = {isa = PBXFileReference; lastKnownFileType = sourcecode.swift; path = FavoriteCell.swift; sourceTree = "<group>"; };
		ADCF7C7BF89FE68C2AF21887 /* Pods-Podcast.release.xcconfig */ = {isa = PBXFileReference; includeInIndex = 1; lastKnownFileType = text.xcconfig; name = "Pods-Podcast.release.xcconfig"; path = "Target Support Files/Pods-Podcast/Pods-Podcast.release.xcconfig"; sourceTree = "<group>"; };
		E33D0A823A6448E0D92A5651 /* Pods_Podcast.framework */ = {isa = PBXFileReference; explicitFileType = wrapper.framework; includeInIndex = 0; path = Pods_Podcast.framework; sourceTree = BUILT_PRODUCTS_DIR; };
/* End PBXFileReference section */

/* Begin PBXFrameworksBuildPhase section */
		604B76AA2A13F8EC00E141CD /* Frameworks */ = {
			isa = PBXFrameworksBuildPhase;
			buildActionMask = 2147483647;
			files = (
				D11832254E952F4E80DB4D57 /* Pods_Podcast.framework in Frameworks */,
			);
			runOnlyForDeploymentPostprocessing = 0;
		};
/* End PBXFrameworksBuildPhase section */

/* Begin PBXGroup section */
		15F6A439C4D5F7F5FDE67882 /* Pods */ = {
			isa = PBXGroup;
			children = (
				1046D595441BF367037ACD74 /* Pods-Podcast.debug.xcconfig */,
				ADCF7C7BF89FE68C2AF21887 /* Pods-Podcast.release.xcconfig */,
			);
			path = Pods;
			sourceTree = "<group>";
		};
		603384DA2A1547FF00C6FB03 /* Episode */ = {
			isa = PBXGroup;
			children = (
				603384E82A1551C500C6FB03 /* ViewModel */,
				603384DD2A15499600C6FB03 /* Cell */,
				603384DB2A15480700C6FB03 /* EpisodeController.swift */,
			);
			path = Episode;
			sourceTree = "<group>";
		};
		603384DD2A15499600C6FB03 /* Cell */ = {
			isa = PBXGroup;
			children = (
				603384DE2A15499F00C6FB03 /* EpisodeCell.swift */,
			);
			path = Cell;
			sourceTree = "<group>";
		};
		603384E02A154C4D00C6FB03 /* Search */ = {
			isa = PBXGroup;
			children = (
				604B76DA2A14152100E141CD /* SearchService.swift */,
			);
			path = Search;
			sourceTree = "<group>";
		};
		603384E12A154C5300C6FB03 /* Episode */ = {
			isa = PBXGroup;
			children = (
				603384E22A154C5A00C6FB03 /* EpisodeService.swift */,
			);
			path = Episode;
			sourceTree = "<group>";
		};
		603384E42A15506200C6FB03 /* Episode */ = {
			isa = PBXGroup;
			children = (
				603384E52A15506900C6FB03 /* Episode.swift */,
			);
			path = Episode;
			sourceTree = "<group>";
		};
		603384E72A15507000C6FB03 /* Podcast */ = {
			isa = PBXGroup;
			children = (
				604B76D72A14140800E141CD /* Podcast.swift */,
			);
			path = Podcast;
			sourceTree = "<group>";
		};
		603384E82A1551C500C6FB03 /* ViewModel */ = {
			isa = PBXGroup;
			children = (
				603384E92A1551CC00C6FB03 /* EpisodeViewModel.swift */,
			);
			path = ViewModel;
			sourceTree = "<group>";
		};
		604B76A42A13F8EB00E141CD = {
			isa = PBXGroup;
			children = (
				604B76AF2A13F8EC00E141CD /* Podcast */,
				604B76AE2A13F8EC00E141CD /* Products */,
				15F6A439C4D5F7F5FDE67882 /* Pods */,
				F28785CA8ED6B5DE96BFB9DF /* Frameworks */,
			);
			sourceTree = "<group>";
		};
		604B76AE2A13F8EC00E141CD /* Products */ = {
			isa = PBXGroup;
			children = (
				604B76AD2A13F8EC00E141CD /* Podcast.app */,
			);
			name = Products;
			sourceTree = "<group>";
		};
		604B76AF2A13F8EC00E141CD /* Podcast */ = {
			isa = PBXGroup;
			children = (
				607F160A2A167AE500DA49A9 /* Extension */,
				604B76DC2A14157900E141CD /* Constant */,
				604B76D92A14151B00E141CD /* Service */,
				604B76D62A14140300E141CD /* Model */,
				604B76C62A13F90700E141CD /* Screen */,
				604B76C52A13F8FF00E141CD /* Scene */,
				604B76C42A13F8F500E141CD /* App */,
				604B76BE2A13F8ED00E141CD /* Info.plist */,
			);
			path = Podcast;
			sourceTree = "<group>";
		};
		604B76C42A13F8F500E141CD /* App */ = {
			isa = PBXGroup;
			children = (
				604B76B02A13F8EC00E141CD /* AppDelegate.swift */,
				604B76B22A13F8EC00E141CD /* SceneDelegate.swift */,
			);
			path = App;
			sourceTree = "<group>";
		};
		604B76C52A13F8FF00E141CD /* Scene */ = {
			isa = PBXGroup;
			children = (
				607F16072A166FF900DA49A9 /* Player */,
				603384DA2A1547FF00C6FB03 /* Episode */,
				604B76D02A13FD2200E141CD /* Downloads */,
				604B76CD2A13FA8B00E141CD /* Search */,
				604B76CA2A13FA6D00E141CD /* Favorite */,
				604B76C72A13FA1A00E141CD /* Main */,
			);
			path = Scene;
			sourceTree = "<group>";
		};
		604B76C62A13F90700E141CD /* Screen */ = {
			isa = PBXGroup;
			children = (
				604B76B92A13F8ED00E141CD /* Assets.xcassets */,
				604B76BB2A13F8ED00E141CD /* LaunchScreen.storyboard */,
			);
			path = Screen;
			sourceTree = "<group>";
		};
		604B76C72A13FA1A00E141CD /* Main */ = {
			isa = PBXGroup;
			children = (
				604B76C82A13FA2700E141CD /* MainTabController.swift */,
			);
			path = Main;
			sourceTree = "<group>";
		};
		604B76CA2A13FA6D00E141CD /* Favorite */ = {
			isa = PBXGroup;
			children = (
				60E1CE652A16D941009DDB98 /* Cell */,
				604B76CB2A13FA7600E141CD /* FavoriteController.swift */,
			);
			path = Favorite;
			sourceTree = "<group>";
		};
		604B76CD2A13FA8B00E141CD /* Search */ = {
			isa = PBXGroup;
			children = (
				60AC75F32A141D9000F6C68D /* ViewModel */,
				604B76D32A1404B300E141CD /* Cell */,
				604B76CE2A13FA9600E141CD /* SearchController.swift */,
			);
			path = Search;
			sourceTree = "<group>";
		};
		604B76D02A13FD2200E141CD /* Downloads */ = {
			isa = PBXGroup;
			children = (
				604B76D12A13FD2F00E141CD /* DownloadsController.swift */,
			);
			path = Downloads;
			sourceTree = "<group>";
		};
		604B76D32A1404B300E141CD /* Cell */ = {
			isa = PBXGroup;
			children = (
				604B76D42A1404BB00E141CD /* SearchCell.swift */,
			);
			path = Cell;
			sourceTree = "<group>";
		};
		604B76D62A14140300E141CD /* Model */ = {
			isa = PBXGroup;
			children = (
				603384E72A15507000C6FB03 /* Podcast */,
				603384E42A15506200C6FB03 /* Episode */,
			);
			path = Model;
			sourceTree = "<group>";
		};
		604B76D92A14151B00E141CD /* Service */ = {
			isa = PBXGroup;
			children = (
				603384E12A154C5300C6FB03 /* Episode */,
				603384E02A154C4D00C6FB03 /* Search */,
			);
			path = Service;
			sourceTree = "<group>";
		};
		604B76DC2A14157900E141CD /* Constant */ = {
			isa = PBXGroup;
			children = (
				604B76DD2A14157F00E141CD /* Constant.swift */,
			);
			path = Constant;
			sourceTree = "<group>";
		};
		607F16072A166FF900DA49A9 /* Player */ = {
			isa = PBXGroup;
			children = (
				607F16082A16700000DA49A9 /* PlayerController.swift */,
			);
			path = Player;
			sourceTree = "<group>";
		};
		607F160A2A167AE500DA49A9 /* Extension */ = {
			isa = PBXGroup;
			children = (
				607F160B2A167AF200DA49A9 /* Time+Extensions.swift */,
			);
			path = Extension;
			sourceTree = "<group>";
		};
		60AC75F32A141D9000F6C68D /* ViewModel */ = {
			isa = PBXGroup;
			children = (
				60AC75F42A141DA400F6C68D /* SearchViewModel.swift */,
			);
			path = ViewModel;
			sourceTree = "<group>";
		};
		60E1CE652A16D941009DDB98 /* Cell */ = {
			isa = PBXGroup;
			children = (
				60E1CE662A16D947009DDB98 /* FavoriteCell.swift */,
			);
			path = Cell;
			sourceTree = "<group>";
		};
		F28785CA8ED6B5DE96BFB9DF /* Frameworks */ = {
			isa = PBXGroup;
			children = (
				E33D0A823A6448E0D92A5651 /* Pods_Podcast.framework */,
			);
			name = Frameworks;
			sourceTree = "<group>";
		};
/* End PBXGroup section */

/* Begin PBXNativeTarget section */
		604B76AC2A13F8EC00E141CD /* Podcast */ = {
			isa = PBXNativeTarget;
			buildConfigurationList = 604B76C12A13F8ED00E141CD /* Build configuration list for PBXNativeTarget "Podcast" */;
			buildPhases = (
				FD42C37DC76E2232E8AEE24F /* [CP] Check Pods Manifest.lock */,
				604B76A92A13F8EC00E141CD /* Sources */,
				604B76AA2A13F8EC00E141CD /* Frameworks */,
				604B76AB2A13F8EC00E141CD /* Resources */,
				8E04E4BECEBFC12D5518F9CD /* [CP] Embed Pods Frameworks */,
			);
			buildRules = (
			);
			dependencies = (
			);
			name = Podcast;
			productName = Podcast;
			productReference = 604B76AD2A13F8EC00E141CD /* Podcast.app */;
			productType = "com.apple.product-type.application";
		};
/* End PBXNativeTarget section */

/* Begin PBXProject section */
		604B76A52A13F8EB00E141CD /* Project object */ = {
			isa = PBXProject;
			attributes = {
				BuildIndependentTargetsInParallel = 1;
				LastSwiftUpdateCheck = 1430;
				LastUpgradeCheck = 1430;
				TargetAttributes = {
					604B76AC2A13F8EC00E141CD = {
						CreatedOnToolsVersion = 14.3;
					};
				};
			};
			buildConfigurationList = 604B76A82A13F8EB00E141CD /* Build configuration list for PBXProject "Podcast" */;
			compatibilityVersion = "Xcode 14.0";
			developmentRegion = en;
			hasScannedForEncodings = 0;
			knownRegions = (
				en,
				Base,
			);
			mainGroup = 604B76A42A13F8EB00E141CD;
			productRefGroup = 604B76AE2A13F8EC00E141CD /* Products */;
			projectDirPath = "";
			projectRoot = "";
			targets = (
				604B76AC2A13F8EC00E141CD /* Podcast */,
			);
		};
/* End PBXProject section */

/* Begin PBXResourcesBuildPhase section */
		604B76AB2A13F8EC00E141CD /* Resources */ = {
			isa = PBXResourcesBuildPhase;
			buildActionMask = 2147483647;
			files = (
				604B76BD2A13F8ED00E141CD /* LaunchScreen.storyboard in Resources */,
				604B76BA2A13F8ED00E141CD /* Assets.xcassets in Resources */,
			);
			runOnlyForDeploymentPostprocessing = 0;
		};
/* End PBXResourcesBuildPhase section */

/* Begin PBXShellScriptBuildPhase section */
		8E04E4BECEBFC12D5518F9CD /* [CP] Embed Pods Frameworks */ = {
			isa = PBXShellScriptBuildPhase;
			buildActionMask = 2147483647;
			files = (
			);
			inputFileListPaths = (
				"${PODS_ROOT}/Target Support Files/Pods-Podcast/Pods-Podcast-frameworks-${CONFIGURATION}-input-files.xcfilelist",
			);
			name = "[CP] Embed Pods Frameworks";
			outputFileListPaths = (
				"${PODS_ROOT}/Target Support Files/Pods-Podcast/Pods-Podcast-frameworks-${CONFIGURATION}-output-files.xcfilelist",
			);
			runOnlyForDeploymentPostprocessing = 0;
			shellPath = /bin/sh;
			shellScript = "\"${PODS_ROOT}/Target Support Files/Pods-Podcast/Pods-Podcast-frameworks.sh\"\n";
			showEnvVarsInLog = 0;
		};
		FD42C37DC76E2232E8AEE24F /* [CP] Check Pods Manifest.lock */ = {
			isa = PBXShellScriptBuildPhase;
			buildActionMask = 2147483647;
			files = (
			);
			inputFileListPaths = (
			);
			inputPaths = (
				"${PODS_PODFILE_DIR_PATH}/Podfile.lock",
				"${PODS_ROOT}/Manifest.lock",
			);
			name = "[CP] Check Pods Manifest.lock";
			outputFileListPaths = (
			);
			outputPaths = (
				"$(DERIVED_FILE_DIR)/Pods-Podcast-checkManifestLockResult.txt",
			);
			runOnlyForDeploymentPostprocessing = 0;
			shellPath = /bin/sh;
			shellScript = "diff \"${PODS_PODFILE_DIR_PATH}/Podfile.lock\" \"${PODS_ROOT}/Manifest.lock\" > /dev/null\nif [ $? != 0 ] ; then\n    # print error to STDERR\n    echo \"error: The sandbox is not in sync with the Podfile.lock. Run 'pod install' or update your CocoaPods installation.\" >&2\n    exit 1\nfi\n# This output is used by Xcode 'outputs' to avoid re-running this script phase.\necho \"SUCCESS\" > \"${SCRIPT_OUTPUT_FILE_0}\"\n";
			showEnvVarsInLog = 0;
		};
/* End PBXShellScriptBuildPhase section */

/* Begin PBXSourcesBuildPhase section */
		604B76A92A13F8EC00E141CD /* Sources */ = {
			isa = PBXSourcesBuildPhase;
			buildActionMask = 2147483647;
			files = (
				604B76CC2A13FA7600E141CD /* FavoriteController.swift in Sources */,
				603384E62A15506900C6FB03 /* Episode.swift in Sources */,
				607F160C2A167AF200DA49A9 /* Time+Extensions.swift in Sources */,
				604B76D52A1404BB00E141CD /* SearchCell.swift in Sources */,
				604B76CF2A13FA9600E141CD /* SearchController.swift in Sources */,
				603384E32A154C5B00C6FB03 /* EpisodeService.swift in Sources */,
				603384EA2A1551CC00C6FB03 /* EpisodeViewModel.swift in Sources */,
				604B76B12A13F8EC00E141CD /* AppDelegate.swift in Sources */,
				604B76D82A14140800E141CD /* Podcast.swift in Sources */,
				60AC75F52A141DA500F6C68D /* SearchViewModel.swift in Sources */,
				604B76D22A13FD2F00E141CD /* DownloadsController.swift in Sources */,
				604B76DB2A14152100E141CD /* SearchService.swift in Sources */,
				604B76DE2A14157F00E141CD /* Constant.swift in Sources */,
				603384DC2A15480700C6FB03 /* EpisodeController.swift in Sources */,
				603384DF2A15499F00C6FB03 /* EpisodeCell.swift in Sources */,
				60E1CE672A16D947009DDB98 /* FavoriteCell.swift in Sources */,
				604B76C92A13FA2700E141CD /* MainTabController.swift in Sources */,
				607F16092A16700000DA49A9 /* PlayerController.swift in Sources */,
				604B76B32A13F8EC00E141CD /* SceneDelegate.swift in Sources */,
			);
			runOnlyForDeploymentPostprocessing = 0;
		};
/* End PBXSourcesBuildPhase section */

/* Begin PBXVariantGroup section */
		604B76BB2A13F8ED00E141CD /* LaunchScreen.storyboard */ = {
			isa = PBXVariantGroup;
			children = (
				604B76BC2A13F8ED00E141CD /* Base */,
			);
			name = LaunchScreen.storyboard;
			sourceTree = "<group>";
		};
/* End PBXVariantGroup section */

/* Begin XCBuildConfiguration section */
		604B76BF2A13F8ED00E141CD /* Debug */ = {
			isa = XCBuildConfiguration;
			buildSettings = {
				ALWAYS_SEARCH_USER_PATHS = NO;
				CLANG_ANALYZER_NONNULL = YES;
				CLANG_ANALYZER_NUMBER_OBJECT_CONVERSION = YES_AGGRESSIVE;
				CLANG_CXX_LANGUAGE_STANDARD = "gnu++20";
				CLANG_ENABLE_MODULES = YES;
				CLANG_ENABLE_OBJC_ARC = YES;
				CLANG_ENABLE_OBJC_WEAK = YES;
				CLANG_WARN_BLOCK_CAPTURE_AUTORELEASING = YES;
				CLANG_WARN_BOOL_CONVERSION = YES;
				CLANG_WARN_COMMA = YES;
				CLANG_WARN_CONSTANT_CONVERSION = YES;
				CLANG_WARN_DEPRECATED_OBJC_IMPLEMENTATIONS = YES;
				CLANG_WARN_DIRECT_OBJC_ISA_USAGE = YES_ERROR;
				CLANG_WARN_DOCUMENTATION_COMMENTS = YES;
				CLANG_WARN_EMPTY_BODY = YES;
				CLANG_WARN_ENUM_CONVERSION = YES;
				CLANG_WARN_INFINITE_RECURSION = YES;
				CLANG_WARN_INT_CONVERSION = YES;
				CLANG_WARN_NON_LITERAL_NULL_CONVERSION = YES;
				CLANG_WARN_OBJC_IMPLICIT_RETAIN_SELF = YES;
				CLANG_WARN_OBJC_LITERAL_CONVERSION = YES;
				CLANG_WARN_OBJC_ROOT_CLASS = YES_ERROR;
				CLANG_WARN_QUOTED_INCLUDE_IN_FRAMEWORK_HEADER = YES;
				CLANG_WARN_RANGE_LOOP_ANALYSIS = YES;
				CLANG_WARN_STRICT_PROTOTYPES = YES;
				CLANG_WARN_SUSPICIOUS_MOVE = YES;
				CLANG_WARN_UNGUARDED_AVAILABILITY = YES_AGGRESSIVE;
				CLANG_WARN_UNREACHABLE_CODE = YES;
				CLANG_WARN__DUPLICATE_METHOD_MATCH = YES;
				COPY_PHASE_STRIP = NO;
				DEBUG_INFORMATION_FORMAT = dwarf;
				ENABLE_STRICT_OBJC_MSGSEND = YES;
				ENABLE_TESTABILITY = YES;
				GCC_C_LANGUAGE_STANDARD = gnu11;
				GCC_DYNAMIC_NO_PIC = NO;
				GCC_NO_COMMON_BLOCKS = YES;
				GCC_OPTIMIZATION_LEVEL = 0;
				GCC_PREPROCESSOR_DEFINITIONS = (
					"DEBUG=1",
					"$(inherited)",
				);
				GCC_WARN_64_TO_32_BIT_CONVERSION = YES;
				GCC_WARN_ABOUT_RETURN_TYPE = YES_ERROR;
				GCC_WARN_UNDECLARED_SELECTOR = YES;
				GCC_WARN_UNINITIALIZED_AUTOS = YES_AGGRESSIVE;
				GCC_WARN_UNUSED_FUNCTION = YES;
				GCC_WARN_UNUSED_VARIABLE = YES;
				IPHONEOS_DEPLOYMENT_TARGET = 16.4;
				MTL_ENABLE_DEBUG_INFO = INCLUDE_SOURCE;
				MTL_FAST_MATH = YES;
				ONLY_ACTIVE_ARCH = YES;
				SDKROOT = iphoneos;
				SWIFT_ACTIVE_COMPILATION_CONDITIONS = DEBUG;
				SWIFT_OPTIMIZATION_LEVEL = "-Onone";
			};
			name = Debug;
		};
		604B76C02A13F8ED00E141CD /* Release */ = {
			isa = XCBuildConfiguration;
			buildSettings = {
				ALWAYS_SEARCH_USER_PATHS = NO;
				CLANG_ANALYZER_NONNULL = YES;
				CLANG_ANALYZER_NUMBER_OBJECT_CONVERSION = YES_AGGRESSIVE;
				CLANG_CXX_LANGUAGE_STANDARD = "gnu++20";
				CLANG_ENABLE_MODULES = YES;
				CLANG_ENABLE_OBJC_ARC = YES;
				CLANG_ENABLE_OBJC_WEAK = YES;
				CLANG_WARN_BLOCK_CAPTURE_AUTORELEASING = YES;
				CLANG_WARN_BOOL_CONVERSION = YES;
				CLANG_WARN_COMMA = YES;
				CLANG_WARN_CONSTANT_CONVERSION = YES;
				CLANG_WARN_DEPRECATED_OBJC_IMPLEMENTATIONS = YES;
				CLANG_WARN_DIRECT_OBJC_ISA_USAGE = YES_ERROR;
				CLANG_WARN_DOCUMENTATION_COMMENTS = YES;
				CLANG_WARN_EMPTY_BODY = YES;
				CLANG_WARN_ENUM_CONVERSION = YES;
				CLANG_WARN_INFINITE_RECURSION = YES;
				CLANG_WARN_INT_CONVERSION = YES;
				CLANG_WARN_NON_LITERAL_NULL_CONVERSION = YES;
				CLANG_WARN_OBJC_IMPLICIT_RETAIN_SELF = YES;
				CLANG_WARN_OBJC_LITERAL_CONVERSION = YES;
				CLANG_WARN_OBJC_ROOT_CLASS = YES_ERROR;
				CLANG_WARN_QUOTED_INCLUDE_IN_FRAMEWORK_HEADER = YES;
				CLANG_WARN_RANGE_LOOP_ANALYSIS = YES;
				CLANG_WARN_STRICT_PROTOTYPES = YES;
				CLANG_WARN_SUSPICIOUS_MOVE = YES;
				CLANG_WARN_UNGUARDED_AVAILABILITY = YES_AGGRESSIVE;
				CLANG_WARN_UNREACHABLE_CODE = YES;
				CLANG_WARN__DUPLICATE_METHOD_MATCH = YES;
				COPY_PHASE_STRIP = NO;
				DEBUG_INFORMATION_FORMAT = "dwarf-with-dsym";
				ENABLE_NS_ASSERTIONS = NO;
				ENABLE_STRICT_OBJC_MSGSEND = YES;
				GCC_C_LANGUAGE_STANDARD = gnu11;
				GCC_NO_COMMON_BLOCKS = YES;
				GCC_WARN_64_TO_32_BIT_CONVERSION = YES;
				GCC_WARN_ABOUT_RETURN_TYPE = YES_ERROR;
				GCC_WARN_UNDECLARED_SELECTOR = YES;
				GCC_WARN_UNINITIALIZED_AUTOS = YES_AGGRESSIVE;
				GCC_WARN_UNUSED_FUNCTION = YES;
				GCC_WARN_UNUSED_VARIABLE = YES;
				IPHONEOS_DEPLOYMENT_TARGET = 16.4;
				MTL_ENABLE_DEBUG_INFO = NO;
				MTL_FAST_MATH = YES;
				SDKROOT = iphoneos;
				SWIFT_COMPILATION_MODE = wholemodule;
				SWIFT_OPTIMIZATION_LEVEL = "-O";
				VALIDATE_PRODUCT = YES;
			};
			name = Release;
		};
		604B76C22A13F8ED00E141CD /* Debug */ = {
			isa = XCBuildConfiguration;
			baseConfigurationReference = 1046D595441BF367037ACD74 /* Pods-Podcast.debug.xcconfig */;
			buildSettings = {
				ASSETCATALOG_COMPILER_APPICON_NAME = AppIcon;
				ASSETCATALOG_COMPILER_GLOBAL_ACCENT_COLOR_NAME = AccentColor;
				CODE_SIGN_STYLE = Automatic;
				CURRENT_PROJECT_VERSION = 1;
				DEVELOPMENT_TEAM = WL3K4A7DH8;
				GENERATE_INFOPLIST_FILE = YES;
				INFOPLIST_FILE = Podcast/Info.plist;
				INFOPLIST_KEY_UIApplicationSupportsIndirectInputEvents = YES;
				INFOPLIST_KEY_UILaunchStoryboardName = LaunchScreen;
				INFOPLIST_KEY_UISupportedInterfaceOrientations_iPad = "UIInterfaceOrientationPortrait UIInterfaceOrientationPortraitUpsideDown UIInterfaceOrientationLandscapeLeft UIInterfaceOrientationLandscapeRight";
				INFOPLIST_KEY_UISupportedInterfaceOrientations_iPhone = "UIInterfaceOrientationPortrait UIInterfaceOrientationLandscapeLeft UIInterfaceOrientationLandscapeRight";
				IPHONEOS_DEPLOYMENT_TARGET = 15.0;
				LD_RUNPATH_SEARCH_PATHS = (
					"$(inherited)",
					"@executable_path/Frameworks",
				);
				MARKETING_VERSION = 1.0;
				PRODUCT_BUNDLE_IDENTIFIER = com.barisdilekci.Podcast;
				PRODUCT_NAME = "$(TARGET_NAME)";
				SWIFT_EMIT_LOC_STRINGS = YES;
				SWIFT_VERSION = 5.0;
				TARGETED_DEVICE_FAMILY = "1,2";
			};
			name = Debug;
		};
		604B76C32A13F8ED00E141CD /* Release */ = {
			isa = XCBuildConfiguration;
			baseConfigurationReference = ADCF7C7BF89FE68C2AF21887 /* Pods-Podcast.release.xcconfig */;
			buildSettings = {
				ASSETCATALOG_COMPILER_APPICON_NAME = AppIcon;
				ASSETCATALOG_COMPILER_GLOBAL_ACCENT_COLOR_NAME = AccentColor;
				CODE_SIGN_STYLE = Automatic;
				CURRENT_PROJECT_VERSION = 1;
				DEVELOPMENT_TEAM = WL3K4A7DH8;
				GENERATE_INFOPLIST_FILE = YES;
				INFOPLIST_FILE = Podcast/Info.plist;
				INFOPLIST_KEY_UIApplicationSupportsIndirectInputEvents = YES;
				INFOPLIST_KEY_UILaunchStoryboardName = LaunchScreen;
				INFOPLIST_KEY_UISupportedInterfaceOrientations_iPad = "UIInterfaceOrientationPortrait UIInterfaceOrientationPortraitUpsideDown UIInterfaceOrientationLandscapeLeft UIInterfaceOrientationLandscapeRight";
				INFOPLIST_KEY_UISupportedInterfaceOrientations_iPhone = "UIInterfaceOrientationPortrait UIInterfaceOrientationLandscapeLeft UIInterfaceOrientationLandscapeRight";
				IPHONEOS_DEPLOYMENT_TARGET = 15.0;
				LD_RUNPATH_SEARCH_PATHS = (
					"$(inherited)",
					"@executable_path/Frameworks",
				);
				MARKETING_VERSION = 1.0;
				PRODUCT_BUNDLE_IDENTIFIER = com.barisdilekci.Podcast;
				PRODUCT_NAME = "$(TARGET_NAME)";
				SWIFT_EMIT_LOC_STRINGS = YES;
				SWIFT_VERSION = 5.0;
				TARGETED_DEVICE_FAMILY = "1,2";
			};
			name = Release;
		};
/* End XCBuildConfiguration section */

/* Begin XCConfigurationList section */
		604B76A82A13F8EB00E141CD /* Build configuration list for PBXProject "Podcast" */ = {
			isa = XCConfigurationList;
			buildConfigurations = (
				604B76BF2A13F8ED00E141CD /* Debug */,
				604B76C02A13F8ED00E141CD /* Release */,
			);
			defaultConfigurationIsVisible = 0;
			defaultConfigurationName = Release;
		};
		604B76C12A13F8ED00E141CD /* Build configuration list for PBXNativeTarget "Podcast" */ = {
			isa = XCConfigurationList;
			buildConfigurations = (
				604B76C22A13F8ED00E141CD /* Debug */,
				604B76C32A13F8ED00E141CD /* Release */,
			);
			defaultConfigurationIsVisible = 0;
			defaultConfigurationName = Release;
		};
/* End XCConfigurationList section */
	};
	rootObject = 604B76A52A13F8EB00E141CD /* Project object */;
}
